// !$*UTF8*$!
{
	archiveVersion = 1;
	classes = {
	};
	objectVersion = 46;
	objects = {

/* Begin PBXBuildFile section */
		173C4311A6FE5B4DA67DBB09 /* Pods_Flicks.framework in Frameworks */ = {isa = PBXBuildFile; fileRef = AC3F29856E6186E4962A9F49 /* Pods_Flicks.framework */; };
		71AE9C0D1C7400DD00D502B1 /* FlicksData.swift in Sources */ = {isa = PBXBuildFile; fileRef = 71AE9C0C1C7400DD00D502B1 /* FlicksData.swift */; };
		71AE9C0F1C7402A900D502B1 /* Movie.swift in Sources */ = {isa = PBXBuildFile; fileRef = 71AE9C0E1C7402A900D502B1 /* Movie.swift */; };
		71E5C3BC1C73F45500B7C7D5 /* AppDelegate.swift in Sources */ = {isa = PBXBuildFile; fileRef = 71E5C3BB1C73F45500B7C7D5 /* AppDelegate.swift */; };
		71E5C3C11C73F45500B7C7D5 /* Main.storyboard in Resources */ = {isa = PBXBuildFile; fileRef = 71E5C3BF1C73F45500B7C7D5 /* Main.storyboard */; };
		71E5C3C31C73F45500B7C7D5 /* Assets.xcassets in Resources */ = {isa = PBXBuildFile; fileRef = 71E5C3C21C73F45500B7C7D5 /* Assets.xcassets */; };
		71E5C3C61C73F45500B7C7D5 /* LaunchScreen.storyboard in Resources */ = {isa = PBXBuildFile; fileRef = 71E5C3C41C73F45500B7C7D5 /* LaunchScreen.storyboard */; };
		71E5C3CE1C73F8D500B7C7D5 /* MoviesViewController.swift in Sources */ = {isa = PBXBuildFile; fileRef = 71E5C3CD1C73F8D500B7C7D5 /* MoviesViewController.swift */; };
/* End PBXBuildFile section */

/* Begin PBXFileReference section */
		1E351ACD156653CEC92363D9 /* Pods-Flicks.release.xcconfig */ = {isa = PBXFileReference; includeInIndex = 1; lastKnownFileType = text.xcconfig; name = "Pods-Flicks.release.xcconfig"; path = "Pods/Target Support Files/Pods-Flicks/Pods-Flicks.release.xcconfig"; sourceTree = "<group>"; };
		71AE9C0C1C7400DD00D502B1 /* FlicksData.swift */ = {isa = PBXFileReference; fileEncoding = 4; lastKnownFileType = sourcecode.swift; path = FlicksData.swift; sourceTree = "<group>"; };
		71AE9C0E1C7402A900D502B1 /* Movie.swift */ = {isa = PBXFileReference; fileEncoding = 4; lastKnownFileType = sourcecode.swift; path = Movie.swift; sourceTree = "<group>"; };
		71E5C3B81C73F45500B7C7D5 /* Flicks.app */ = {isa = PBXFileReference; explicitFileType = wrapper.application; includeInIndex = 0; path = Flicks.app; sourceTree = BUILT_PRODUCTS_DIR; };
		71E5C3BB1C73F45500B7C7D5 /* AppDelegate.swift */ = {isa = PBXFileReference; lastKnownFileType = sourcecode.swift; path = AppDelegate.swift; sourceTree = "<group>"; };
		71E5C3C01C73F45500B7C7D5 /* Base */ = {isa = PBXFileReference; lastKnownFileType = file.storyboard; name = Base; path = Base.lproj/Main.storyboard; sourceTree = "<group>"; };
		71E5C3C21C73F45500B7C7D5 /* Assets.xcassets */ = {isa = PBXFileReference; lastKnownFileType = folder.assetcatalog; path = Assets.xcassets; sourceTree = "<group>"; };
		71E5C3C51C73F45500B7C7D5 /* Base */ = {isa = PBXFileReference; lastKnownFileType = file.storyboard; name = Base; path = Base.lproj/LaunchScreen.storyboard; sourceTree = "<group>"; };
		71E5C3C71C73F45500B7C7D5 /* Info.plist */ = {isa = PBXFileReference; lastKnownFileType = text.plist.xml; path = Info.plist; sourceTree = "<group>"; };
		71E5C3CD1C73F8D500B7C7D5 /* MoviesViewController.swift */ = {isa = PBXFileReference; fileEncoding = 4; lastKnownFileType = sourcecode.swift; path = MoviesViewController.swift; sourceTree = "<group>"; };
		A0A529285B4B046A0456BC27 /* Pods-Flicks.debug.xcconfig */ = {isa = PBXFileReference; includeInIndex = 1; lastKnownFileType = text.xcconfig; name = "Pods-Flicks.debug.xcconfig"; path = "Pods/Target Support Files/Pods-Flicks/Pods-Flicks.debug.xcconfig"; sourceTree = "<group>"; };
		AC3F29856E6186E4962A9F49 /* Pods_Flicks.framework */ = {isa = PBXFileReference; explicitFileType = wrapper.framework; includeInIndex = 0; path = Pods_Flicks.framework; sourceTree = BUILT_PRODUCTS_DIR; };
/* End PBXFileReference section */

/* Begin PBXFrameworksBuildPhase section */
		71E5C3B51C73F45500B7C7D5 /* Frameworks */ = {
			isa = PBXFrameworksBuildPhase;
			buildActionMask = 2147483647;
			files = (
				173C4311A6FE5B4DA67DBB09 /* Pods_Flicks.framework in Frameworks */,
			);
			runOnlyForDeploymentPostprocessing = 0;
		};
/* End PBXFrameworksBuildPhase section */

/* Begin PBXGroup section */
		26CA330FF73E78030C253F4E /* Frameworks */ = {
			isa = PBXGroup;
			children = (
				AC3F29856E6186E4962A9F49 /* Pods_Flicks.framework */,
			);
			name = Frameworks;
			sourceTree = "<group>";
		};
		71E5C3AF1C73F45500B7C7D5 = {
			isa = PBXGroup;
			children = (
				71E5C3BA1C73F45500B7C7D5 /* Flicks */,
				71E5C3B91C73F45500B7C7D5 /* Products */,
				EB627C17D68C925CA0A8EB34 /* Pods */,
				26CA330FF73E78030C253F4E /* Frameworks */,
			);
			sourceTree = "<group>";
		};
		71E5C3B91C73F45500B7C7D5 /* Products */ = {
			isa = PBXGroup;
			children = (
				71E5C3B81C73F45500B7C7D5 /* Flicks.app */,
			);
			name = Products;
			sourceTree = "<group>";
		};
		71E5C3BA1C73F45500B7C7D5 /* Flicks */ = {
			isa = PBXGroup;
			children = (
				71E5C3BB1C73F45500B7C7D5 /* AppDelegate.swift */,
				71E5C3BF1C73F45500B7C7D5 /* Main.storyboard */,
				71E5C3C21C73F45500B7C7D5 /* Assets.xcassets */,
				71E5C3C41C73F45500B7C7D5 /* LaunchScreen.storyboard */,
				71E5C3C71C73F45500B7C7D5 /* Info.plist */,
				71E5C3CD1C73F8D500B7C7D5 /* MoviesViewController.swift */,
				71AE9C0C1C7400DD00D502B1 /* FlicksData.swift */,
				71AE9C0E1C7402A900D502B1 /* Movie.swift */,
			);
			path = Flicks;
			sourceTree = "<group>";
		};
		EB627C17D68C925CA0A8EB34 /* Pods */ = {
			isa = PBXGroup;
			children = (
				A0A529285B4B046A0456BC27 /* Pods-Flicks.debug.xcconfig */,
				1E351ACD156653CEC92363D9 /* Pods-Flicks.release.xcconfig */,
			);
			name = Pods;
			sourceTree = "<group>";
		};
/* End PBXGroup section */

/* Begin PBXNativeTarget section */
		71E5C3B71C73F45500B7C7D5 /* Flicks */ = {
			isa = PBXNativeTarget;
			buildConfigurationList = 71E5C3CA1C73F45500B7C7D5 /* Build configuration list for PBXNativeTarget "Flicks" */;
			buildPhases = (
				243FC9B7E1AFB4C479370362 /* Check Pods Manifest.lock */,
				71E5C3B41C73F45500B7C7D5 /* Sources */,
				71E5C3B51C73F45500B7C7D5 /* Frameworks */,
				71E5C3B61C73F45500B7C7D5 /* Resources */,
				B8BB4C01729531A302224082 /* Embed Pods Frameworks */,
				80859F3C8045AF6E86D3B1AC /* Copy Pods Resources */,
			);
			buildRules = (
			);
			dependencies = (
			);
			name = Flicks;
			productName = Flicks;
			productReference = 71E5C3B81C73F45500B7C7D5 /* Flicks.app */;
			productType = "com.apple.product-type.application";
		};
/* End PBXNativeTarget section */

/* Begin PBXProject section */
		71E5C3B01C73F45500B7C7D5 /* Project object */ = {
			isa = PBXProject;
			attributes = {
				LastSwiftUpdateCheck = 0720;
				LastUpgradeCheck = 0720;
				ORGANIZATIONNAME = Lyft;
				TargetAttributes = {
					71E5C3B71C73F45500B7C7D5 = {
						CreatedOnToolsVersion = 7.2.1;
					};
				};
			};
			buildConfigurationList = 71E5C3B31C73F45500B7C7D5 /* Build configuration list for PBXProject "Flicks" */;
			compatibilityVersion = "Xcode 3.2";
			developmentRegion = English;
			hasScannedForEncodings = 0;
			knownRegions = (
				en,
				Base,
			);
			mainGroup = 71E5C3AF1C73F45500B7C7D5;
			productRefGroup = 71E5C3B91C73F45500B7C7D5 /* Products */;
			projectDirPath = "";
			projectRoot = "";
			targets = (
				71E5C3B71C73F45500B7C7D5 /* Flicks */,
			);
		};
/* End PBXProject section */

/* Begin PBXResourcesBuildPhase section */
		71E5C3B61C73F45500B7C7D5 /* Resources */ = {
			isa = PBXResourcesBuildPhase;
			buildActionMask = 2147483647;
			files = (
				71E5C3C61C73F45500B7C7D5 /* LaunchScreen.storyboard in Resources */,
				71E5C3C31C73F45500B7C7D5 /* Assets.xcassets in Resources */,
				71E5C3C11C73F45500B7C7D5 /* Main.storyboard in Resources */,
			);
			runOnlyForDeploymentPostprocessing = 0;
		};
/* End PBXResourcesBuildPhase section */

/* Begin PBXShellScriptBuildPhase section */
		243FC9B7E1AFB4C479370362 /* Check Pods Manifest.lock */ = {
			isa = PBXShellScriptBuildPhase;
			buildActionMask = 2147483647;
			files = (
			);
			inputPaths = (
			);
			name = "Check Pods Manifest.lock";
			outputPaths = (
			);
			runOnlyForDeploymentPostprocessing = 0;
			shellPath = /bin/sh;
			shellScript = "diff \"${PODS_ROOT}/../Podfile.lock\" \"${PODS_ROOT}/Manifest.lock\" > /dev/null\nif [[ $? != 0 ]] ; then\n    cat << EOM\nerror: The sandbox is not in sync with the Podfile.lock. Run 'pod install' or update your CocoaPods installation.\nEOM\n    exit 1\nfi\n";
			showEnvVarsInLog = 0;
		};
		80859F3C8045AF6E86D3B1AC /* Copy Pods Resources */ = {
			isa = PBXShellScriptBuildPhase;
			buildActionMask = 2147483647;
			files = (
			);
			inputPaths = (
			);
			name = "Copy Pods Resources";
			outputPaths = (
			);
			runOnlyForDeploymentPostprocessing = 0;
			shellPath = /bin/sh;
			shellScript = "\"${SRCROOT}/Pods/Target Support Files/Pods-Flicks/Pods-Flicks-resources.sh\"\n";
			showEnvVarsInLog = 0;
		};
		B8BB4C01729531A302224082 /* Embed Pods Frameworks */ = {
			isa = PBXShellScriptBuildPhase;
			buildActionMask = 2147483647;
			files = (
			);
			inputPaths = (
			);
			name = "Embed Pods Frameworks";
			outputPaths = (
			);
			runOnlyForDeploymentPostprocessing = 0;
			shellPath = /bin/sh;
			shellScript = "\"${SRCROOT}/Pods/Target Support Files/Pods-Flicks/Pods-Flicks-frameworks.sh\"\n";
			showEnvVarsInLog = 0;
		};
/* End PBXShellScriptBuildPhase section */

/* Begin PBXSourcesBuildPhase section */
		71E5C3B41C73F45500B7C7D5 /* Sources */ = {
			isa = PBXSourcesBuildPhase;
			buildActionMask = 2147483647;
			files = (
				71E5C3BC1C73F45500B7C7D5 /* AppDelegate.swift in Sources */,
				71AE9C0D1C7400DD00D502B1 /* FlicksData.swift in Sources */,
				71AE9C0F1C7402A900D502B1 /* Movie.swift in Sources */,
				71E5C3CE1C73F8D500B7C7D5 /* MoviesViewController.swift in Sources */,
			);
			runOnlyForDeploymentPostprocessing = 0;
		};
/* End PBXSourcesBuildPhase section */

/* Begin PBXVariantGroup section */
		71E5C3BF1C73F45500B7C7D5 /* Main.storyboard */ = {
			isa = PBXVariantGroup;
			children = (
				71E5C3C01C73F45500B7C7D5 /* Base */,
			);
			name = Main.storyboard;
			sourceTree = "<group>";
		};
		71E5C3C41C73F45500B7C7D5 /* LaunchScreen.storyboard */ = {
			isa = PBXVariantGroup;
			children = (
				71E5C3C51C73F45500B7C7D5 /* Base */,
			);
			name = LaunchScreen.storyboard;
			sourceTree = "<group>";
		};
/* End PBXVariantGroup section */

/* Begin XCBuildConfiguration section */
		71E5C3C81C73F45500B7C7D5 /* Debug */ = {
			isa = XCBuildConfiguration;
			buildSettings = {
				ALWAYS_SEARCH_USER_PATHS = NO;
				CLANG_CXX_LANGUAGE_STANDARD = "gnu++0x";
				CLANG_CXX_LIBRARY = "libc++";
				CLANG_ENABLE_MODULES = YES;
				CLANG_ENABLE_OBJC_ARC = YES;
				CLANG_WARN_BOOL_CONVERSION = YES;
				CLANG_WARN_CONSTANT_CONVERSION = YES;
				CLANG_WARN_DIRECT_OBJC_ISA_USAGE = YES_ERROR;
				CLANG_WARN_EMPTY_BODY = YES;
				CLANG_WARN_ENUM_CONVERSION = YES;
				CLANG_WARN_INT_CONVERSION = YES;
				CLANG_WARN_OBJC_ROOT_CLASS = YES_ERROR;
				CLANG_WARN_UNREACHABLE_CODE = YES;
				CLANG_WARN__DUPLICATE_METHOD_MATCH = YES;
				"CODE_SIGN_IDENTITY[sdk=iphoneos*]" = "iPhone Developer";
				COPY_PHASE_STRIP = NO;
				DEBUG_INFORMATION_FORMAT = dwarf;
				ENABLE_STRICT_OBJC_MSGSEND = YES;
				ENABLE_TESTABILITY = YES;
				GCC_C_LANGUAGE_STANDARD = gnu99;
				GCC_DYNAMIC_NO_PIC = NO;
				GCC_NO_COMMON_BLOCKS = YES;
				GCC_OPTIMIZATION_LEVEL = 0;
				GCC_PREPROCESSOR_DEFINITIONS = (
					"DEBUG=1",
					"$(inherited)",
				);
				GCC_WARN_64_TO_32_BIT_CONVERSION = YES;
				GCC_WARN_ABOUT_RETURN_TYPE = YES_ERROR;
				GCC_WARN_UNDECLARED_SELECTOR = YES;
				GCC_WARN_UNINITIALIZED_AUTOS = YES_AGGRESSIVE;
				GCC_WARN_UNUSED_FUNCTION = YES;
				GCC_WARN_UNUSED_VARIABLE = YES;
				IPHONEOS_DEPLOYMENT_TARGET = 9.2;
				MTL_ENABLE_DEBUG_INFO = YES;
				ONLY_ACTIVE_ARCH = YES;
				SDKROOT = iphoneos;
				SWIFT_OPTIMIZATION_LEVEL = "-Onone";
				TARGETED_DEVICE_FAMILY = "1,2";
			};
			name = Debug;
		};
		71E5C3C91C73F45500B7C7D5 /* Release */ = {
			isa = XCBuildConfiguration;
			buildSettings = {
				ALWAYS_SEARCH_USER_PATHS = NO;
				CLANG_CXX_LANGUAGE_STANDARD = "gnu++0x";
				CLANG_CXX_LIBRARY = "libc++";
				CLANG_ENABLE_MODULES = YES;
				CLANG_ENABLE_OBJC_ARC = YES;
				CLANG_WARN_BOOL_CONVERSION = YES;
				CLANG_WARN_CONSTANT_CONVERSION = YES;
				CLANG_WARN_DIRECT_OBJC_ISA_USAGE = YES_ERROR;
				CLANG_WARN_EMPTY_BODY = YES;
				CLANG_WARN_ENUM_CONVERSION = YES;
				CLANG_WARN_INT_CONVERSION = YES;
				CLANG_WARN_OBJC_ROOT_CLASS = YES_ERROR;
				CLANG_WARN_UNREACHABLE_CODE = YES;
				CLANG_WARN__DUPLICATE_METHOD_MATCH = YES;
				"CODE_SIGN_IDENTITY[sdk=iphoneos*]" = "iPhone Developer";
				COPY_PHASE_STRIP = NO;
				DEBUG_INFORMATION_FORMAT = "dwarf-with-dsym";
				ENABLE_NS_ASSERTIONS = NO;
				ENABLE_STRICT_OBJC_MSGSEND = YES;
				GCC_C_LANGUAGE_STANDARD = gnu99;
				GCC_NO_COMMON_BLOCKS = YES;
				GCC_WARN_64_TO_32_BIT_CONVERSION = YES;
				GCC_WARN_ABOUT_RETURN_TYPE = YES_ERROR;
				GCC_WARN_UNDECLARED_SELECTOR = YES;
				GCC_WARN_UNINITIALIZED_AUTOS = YES_AGGRESSIVE;
				GCC_WARN_UNUSED_FUNCTION = YES;
				GCC_WARN_UNUSED_VARIABLE = YES;
				IPHONEOS_DEPLOYMENT_TARGET = 9.2;
				MTL_ENABLE_DEBUG_INFO = NO;
				SDKROOT = iphoneos;
				TARGETED_DEVICE_FAMILY = "1,2";
				VALIDATE_PRODUCT = YES;
			};
			name = Release;
		};
		71E5C3CB1C73F45500B7C7D5 /* Debug */ = {
			isa = XCBuildConfiguration;
			baseConfigurationReference = A0A529285B4B046A0456BC27 /* Pods-Flicks.debug.xcconfig */;
			buildSettings = {
				ASSETCATALOG_COMPILER_APPICON_NAME = AppIcon;
				INFOPLIST_FILE = Flicks/Info.plist;
				LD_RUNPATH_SEARCH_PATHS = "$(inherited) @executable_path/Frameworks";
				PRODUCT_BUNDLE_IDENTIFIER = com.lyft.Flicks;
				PRODUCT_NAME = "$(TARGET_NAME)";
			};
			name = Debug;
		};
		71E5C3CC1C73F45500B7C7D5 /* Release */ = {
			isa = XCBuildConfiguration;
			baseConfigurationReference = 1E351ACD156653CEC92363D9 /* Pods-Flicks.release.xcconfig */;
			buildSettings = {
				ASSETCATALOG_COMPILER_APPICON_NAME = AppIcon;
				INFOPLIST_FILE = Flicks/Info.plist;
				LD_RUNPATH_SEARCH_PATHS = "$(inherited) @executable_path/Frameworks";
				PRODUCT_BUNDLE_IDENTIFIER = com.lyft.Flicks;
				PRODUCT_NAME = "$(TARGET_NAME)";
			};
			name = Release;
		};
/* End XCBuildConfiguration section */

/* Begin XCConfigurationList section */
		71E5C3B31C73F45500B7C7D5 /* Build configuration list for PBXProject "Flicks" */ = {
			isa = XCConfigurationList;
			buildConfigurations = (
				71E5C3C81C73F45500B7C7D5 /* Debug */,
				71E5C3C91C73F45500B7C7D5 /* Release */,
			);
			defaultConfigurationIsVisible = 0;
			defaultConfigurationName = Release;
		};
		71E5C3CA1C73F45500B7C7D5 /* Build configuration list for PBXNativeTarget "Flicks" */ = {
			isa = XCConfigurationList;
			buildConfigurations = (
				71E5C3CB1C73F45500B7C7D5 /* Debug */,
				71E5C3CC1C73F45500B7C7D5 /* Release */,
			);
			defaultConfigurationIsVisible = 0;
			defaultConfigurationName = Release;
		};
/* End XCConfigurationList section */
	};
	rootObject = 71E5C3B01C73F45500B7C7D5 /* Project object */;
}
